
Microsoft Visual Studio Solution File, Format Version 11.00
# Visual Studio 2010
Project("{FAE04EC0-301F-11D3-BF4B-00C04F79EFBC}") = "AutoDimension", "AutoDimension.csproj", "{0A359BC6-807E-43E3-867F-F661C8666450}"
EndProject
Global
	GlobalSection(SolutionConfigurationPlatforms) = preSolution
		Debug|x86 = Debug|x86
		Release|x86 = Release|x86
	EndGlobalSection
	GlobalSection(ProjectConfigurationPlatforms) = postSolution
		{0A359BC6-807E-43E3-867F-F661C8666450}.Debug|x86.ActiveCfg = Debug|x86
		{0A359BC6-807E-43E3-867F-F661C8666450}.Debug|x86.Build.0 = Debug|x86
		{0A359BC6-807E-43E3-867F-F661C8666450}.Release|x86.ActiveCfg = Release|x86
		{0A359BC6-807E-43E3-867F-F661C8666450}.Release|x86.Build.0 = Release|x86
	EndGlobalSection
	GlobalSection(SolutionProperties) = preSolution
		HideSolutionNode = FALSE
	EndGlobalSection
EndGlobal
